
Microsoft Visual Studio Solution File, Format Version 12.00
# Visual Studio Version 17
VisualStudioVersion = 17.9.34723.18
MinimumVisualStudioVersion = 10.0.40219.1
Project("{FAE04EC0-301F-11D3-BF4B-00C04F79EFBC}") = "Tasker", "Tasker\Tasker.csproj", "{DBE649FE-FD33-4AB8-BF94-F4129B3F1486}"
EndProject
Global
	GlobalSection(SolutionConfigurationPlatforms) = preSolution
		Debug|Any CPU = Debug|Any CPU
		Release|Any CPU = Release|Any CPU
	EndGlobalSection
	GlobalSection(ProjectConfigurationPlatforms) = postSolution
		{DBE649FE-FD33-4AB8-BF94-F4129B3F1486}.Debug|Any CPU.ActiveCfg = Debug|Any CPU
		{DBE649FE-FD33-4AB8-BF94-F4129B3F1486}.Debug|Any CPU.Build.0 = Debug|Any CPU
		{DBE649FE-FD33-4AB8-BF94-F4129B3F1486}.Debug|Any CPU.Deploy.0 = Debug|Any CPU
		{DBE649FE-FD33-4AB8-BF94-F4129B3F1486}.Release|Any CPU.ActiveCfg = Release|Any CPU
		{DBE649FE-FD33-4AB8-BF94-F4129B3F1486}.Release|Any CPU.Build.0 = Release|Any CPU
		{DBE649FE-FD33-4AB8-BF94-F4129B3F1486}.Release|Any CPU.Deploy.0 = Release|Any CPU
	EndGlobalSection
	GlobalSection(SolutionProperties) = preSolution
		HideSolutionNode = FALSE
	EndGlobalSection
	GlobalSection(ExtensibilityGlobals) = postSolution
		SolutionGuid = {2FD43AD3-6EE1-4D32-8B3A-0E7F01380851}
	EndGlobalSection
EndGlobal
